
Microsoft Visual Studio Solution File, Format Version 12.00
# Visual Studio Version 17
VisualStudioVersion = 17.14.36518.9 d17.14
MinimumVisualStudioVersion = 10.0.40219.1
Project("{FAE04EC0-301F-11D3-BF4B-00C04F79EFBC}") = "PersonalRecipeTrackerLibrary", "PersonalRecipeTracker\PersonalRecipeTrackerLibrary.csproj", "{04842D03-A07F-4783-8537-E9061AA119A7}"
EndProject
Project("{FAE04EC0-301F-11D3-BF4B-00C04F79EFBC}") = "PersonalRecipeTrackerUI", "PersonalRecipeTrackerUI\PersonalRecipeTrackerUI.csproj", "{155B27EC-2F66-429D-874A-4C70F1C42E29}"
EndProject
Global
	GlobalSection(SolutionConfigurationPlatforms) = preSolution
		Debug|Any CPU = Debug|Any CPU
		Release|Any CPU = Release|Any CPU
	EndGlobalSection
	GlobalSection(ProjectConfigurationPlatforms) = postSolution
		{04842D03-A07F-4783-8537-E9061AA119A7}.Debug|Any CPU.ActiveCfg = Debug|Any CPU
		{04842D03-A07F-4783-8537-E9061AA119A7}.Debug|Any CPU.Build.0 = Debug|Any CPU
		{04842D03-A07F-4783-8537-E9061AA119A7}.Release|Any CPU.ActiveCfg = Release|Any CPU
		{04842D03-A07F-4783-8537-E9061AA119A7}.Release|Any CPU.Build.0 = Release|Any CPU
		{155B27EC-2F66-429D-874A-4C70F1C42E29}.Debug|Any CPU.ActiveCfg = Debug|Any CPU
		{155B27EC-2F66-429D-874A-4C70F1C42E29}.Debug|Any CPU.Build.0 = Debug|Any CPU
		{155B27EC-2F66-429D-874A-4C70F1C42E29}.Release|Any CPU.ActiveCfg = Release|Any CPU
		{155B27EC-2F66-429D-874A-4C70F1C42E29}.Release|Any CPU.Build.0 = Release|Any CPU
	EndGlobalSection
	GlobalSection(SolutionProperties) = preSolution
		HideSolutionNode = FALSE
	EndGlobalSection
	GlobalSection(ExtensibilityGlobals) = postSolution
		SolutionGuid = {65CF0BEC-DA2B-4B5F-951F-8625002292CB}
	EndGlobalSection
EndGlobal
